
Microsoft Visual Studio Solution File, Format Version 12.00
# Visual Studio Version 16
VisualStudioVersion = 16.0.29709.97
MinimumVisualStudioVersion = 10.0.40219.1
Project("{FAE04EC0-301F-11D3-BF4B-00C04F79EFBC}") = "CreateStruct", "CreateStruct\CreateStruct.csproj", "{D51734E7-5557-46B4-9719-33704896BA6A}"
EndProject
Global
	GlobalSection(SolutionConfigurationPlatforms) = preSolution
		Debug|Any CPU = Debug|Any CPU
		Release|Any CPU = Release|Any CPU
	EndGlobalSection
	GlobalSection(ProjectConfigurationPlatforms) = postSolution
		{D51734E7-5557-46B4-9719-33704896BA6A}.Debug|Any CPU.ActiveCfg = Debug|Any CPU
		{D51734E7-5557-46B4-9719-33704896BA6A}.Debug|Any CPU.Build.0 = Debug|Any CPU
		{D51734E7-5557-46B4-9719-33704896BA6A}.Release|Any CPU.ActiveCfg = Release|Any CPU
		{D51734E7-5557-46B4-9719-33704896BA6A}.Release|Any CPU.Build.0 = Release|Any CPU
	EndGlobalSection
	GlobalSection(SolutionProperties) = preSolution
		HideSolutionNode = FALSE
	EndGlobalSection
	GlobalSection(ExtensibilityGlobals) = postSolution
		SolutionGuid = {628E3873-05C4-49F8-9F13-AD0EC930CE05}
	EndGlobalSection
EndGlobal
