
Microsoft Visual Studio Solution File, Format Version 12.00
# Visual Studio Version 16
VisualStudioVersion = 16.0.29709.97
MinimumVisualStudioVersion = 10.0.40219.1
Project("{FAE04EC0-301F-11D3-BF4B-00C04F79EFBC}") = "upr2", "upr2\upr2.csproj", "{BA7BF179-CBCB-40DF-8353-FA7C36EF65A9}"
EndProject
Global
	GlobalSection(SolutionConfigurationPlatforms) = preSolution
		Debug|Any CPU = Debug|Any CPU
		Release|Any CPU = Release|Any CPU
	EndGlobalSection
	GlobalSection(ProjectConfigurationPlatforms) = postSolution
		{BA7BF179-CBCB-40DF-8353-FA7C36EF65A9}.Debug|Any CPU.ActiveCfg = Debug|Any CPU
		{BA7BF179-CBCB-40DF-8353-FA7C36EF65A9}.Debug|Any CPU.Build.0 = Debug|Any CPU
		{BA7BF179-CBCB-40DF-8353-FA7C36EF65A9}.Release|Any CPU.ActiveCfg = Release|Any CPU
		{BA7BF179-CBCB-40DF-8353-FA7C36EF65A9}.Release|Any CPU.Build.0 = Release|Any CPU
	EndGlobalSection
	GlobalSection(SolutionProperties) = preSolution
		HideSolutionNode = FALSE
	EndGlobalSection
	GlobalSection(ExtensibilityGlobals) = postSolution
		SolutionGuid = {394AB967-20AD-4394-9D0A-680C40E20C84}
	EndGlobalSection
EndGlobal
